# THIS IS AN AUTOGENERATED FILE. DO NOT EDIT THIS FILE DIRECTLY.
# yarn lockfile v1


"@google-cloud/bigquery@^0.9.6":
  version "0.9.6"
  resolved "https://registry.yarnpkg.com/@google-cloud/bigquery/-/bigquery-0.9.6.tgz#beac6d486c45f8010a480438de4945252fc4ceae"
  dependencies:
    "@google-cloud/common" "^0.13.0"
    arrify "^1.0.0"
    duplexify "^3.5.0"
    extend "^3.0.0"
    is "^3.0.1"
    stream-events "^1.0.1"
    string-format-obj "^1.0.0"

"@google-cloud/common@^0.13.0":
  version "0.13.4"
  resolved "https://registry.yarnpkg.com/@google-cloud/common/-/common-0.13.4.tgz#75bb7f60931cfc9d94da0b5d408950d0bbf0e979"
  dependencies:
    array-uniq "^1.0.3"
    arrify "^1.0.1"
    concat-stream "^1.6.0"
    create-error-class "^3.0.2"
    duplexify "^3.5.0"
    ent "^2.2.0"
    extend "^3.0.0"
    google-auto-auth "^0.7.1"
    is "^3.2.0"
    log-driver "^1.2.5"
    methmeth "^1.1.0"
    modelo "^4.2.0"
    request "^2.79.0"
    retry-request "^2.0.0"
    split-array-stream "^1.0.0"
    stream-events "^1.0.1"
    string-format-obj "^1.1.0"
    through2 "^2.0.3"

ajv@^4.9.1:
  version "4.11.8"
  resolved "https://registry.yarnpkg.com/ajv/-/ajv-4.11.8.tgz#82ffb02b29e662ae53bdc20af15947706739c536"
  dependencies:
    co "^4.6.0"
    json-stable-stringify "^1.0.1"

ansicolors@~0.2.1:
  version "0.2.1"
  resolved "https://registry.yarnpkg.com/ansicolors/-/ansicolors-0.2.1.tgz#be089599097b74a5c9c4a84a0cdbcdb62bd87aef"

ap@~0.2.0:
  version "0.2.0"
  resolved "https://registry.yarnpkg.com/ap/-/ap-0.2.0.tgz#ae0942600b29912f0d2b14ec60c45e8f330b6110"

array-uniq@^1.0.3:
  version "1.0.3"
  resolved "https://registry.yarnpkg.com/array-uniq/-/array-uniq-1.0.3.tgz#af6ac877a25cc7f74e058894753858dfdb24fdb6"

arrify@^1.0.0, arrify@^1.0.1:
  version "1.0.1"
  resolved "https://registry.yarnpkg.com/arrify/-/arrify-1.0.1.tgz#898508da2226f380df904728456849c1501a4b0d"

asn1@~0.2.3:
  version "0.2.3"
  resolved "https://registry.yarnpkg.com/asn1/-/asn1-0.2.3.tgz#dac8787713c9966849fc8180777ebe9c1ddf3b86"

assert-plus@1.0.0, assert-plus@^1.0.0:
  version "1.0.0"
  resolved "https://registry.yarnpkg.com/assert-plus/-/assert-plus-1.0.0.tgz#f12e0f3c5d77b0b1cdd9146942e4e96c1e4dd525"

assert-plus@^0.2.0:
  version "0.2.0"
  resolved "https://registry.yarnpkg.com/assert-plus/-/assert-plus-0.2.0.tgz#d74e1b87e7affc0db8aadb7021f3fe48101ab234"

async@^2.3.0, async@^2.4.0:
  version "2.5.0"
  resolved "https://registry.yarnpkg.com/async/-/async-2.5.0.tgz#843190fd6b7357a0b9e1c956edddd5ec8462b54d"
  dependencies:
    lodash "^4.14.0"

asynckit@^0.4.0:
  version "0.4.0"
  resolved "https://registry.yarnpkg.com/asynckit/-/asynckit-0.4.0.tgz#c79ed97f7f34cb8f2ba1bc9790bcc366474b4b79"

aws-sign2@~0.6.0:
  version "0.6.0"
  resolved "https://registry.yarnpkg.com/aws-sign2/-/aws-sign2-0.6.0.tgz#14342dd38dbcc94d0e5b87d763cd63612c0e794f"

aws4@^1.2.1:
  version "1.6.0"
  resolved "https://registry.yarnpkg.com/aws4/-/aws4-1.6.0.tgz#83ef5ca860b2b32e4a0deedee8c771b9db57471e"

base64url@2.0.0, base64url@^2.0.0:
  version "2.0.0"
  resolved "https://registry.yarnpkg.com/base64url/-/base64url-2.0.0.tgz#eac16e03ea1438eff9423d69baa36262ed1f70bb"

bcrypt-pbkdf@^1.0.0:
  version "1.0.1"
  resolved "https://registry.yarnpkg.com/bcrypt-pbkdf/-/bcrypt-pbkdf-1.0.1.tgz#63bc5dcb61331b92bc05fd528953c33462a06f8d"
  dependencies:
    tweetnacl "^0.14.3"

boom@2.x.x:
  version "2.10.1"
  resolved "https://registry.yarnpkg.com/boom/-/boom-2.10.1.tgz#39c8918ceff5799f83f9492a848f625add0c766f"
  dependencies:
    hoek "2.x.x"

buffer-equal-constant-time@1.0.1:
  version "1.0.1"
  resolved "https://registry.yarnpkg.com/buffer-equal-constant-time/-/buffer-equal-constant-time-1.0.1.tgz#f8e71132f7ffe6e01a5c9697a4c6f3e48d5cc819"

buffer-writer@1.0.1:
  version "1.0.1"
  resolved "https://registry.yarnpkg.com/buffer-writer/-/buffer-writer-1.0.1.tgz#22a936901e3029afcd7547eb4487ceb697a3bf08"

capture-stack-trace@^1.0.0:
  version "1.0.0"
  resolved "https://registry.yarnpkg.com/capture-stack-trace/-/capture-stack-trace-1.0.0.tgz#4a6fa07399c26bba47f0b2496b4d0fb408c5550d"

cardinal@1.0.0:
  version "1.0.0"
  resolved "https://registry.yarnpkg.com/cardinal/-/cardinal-1.0.0.tgz#50e21c1b0aa37729f9377def196b5a9cec932ee9"
  dependencies:
    ansicolors "~0.2.1"
    redeyed "~1.0.0"

caseless@~0.12.0:
  version "0.12.0"
  resolved "https://registry.yarnpkg.com/caseless/-/caseless-0.12.0.tgz#1b681c21ff84033c826543090689420d187151dc"

co@^4.6.0:
  version "4.6.0"
  resolved "https://registry.yarnpkg.com/co/-/co-4.6.0.tgz#6ea6bdf3d853ae54ccb8e47bfa0bf3f9031fb184"

combined-stream@^1.0.5, combined-stream@~1.0.5:
  version "1.0.5"
  resolved "https://registry.yarnpkg.com/combined-stream/-/combined-stream-1.0.5.tgz#938370a57b4a51dea2c77c15d5c5fdf895164009"
  dependencies:
    delayed-stream "~1.0.0"

concat-stream@^1.6.0:
  version "1.6.0"
  resolved "https://registry.yarnpkg.com/concat-stream/-/concat-stream-1.6.0.tgz#0aac662fd52be78964d5532f694784e70110acf7"
  dependencies:
    inherits "^2.0.3"
    readable-stream "^2.2.2"
    typedarray "^0.0.6"

core-util-is@1.0.2, core-util-is@~1.0.0:
  version "1.0.2"
  resolved "https://registry.yarnpkg.com/core-util-is/-/core-util-is-1.0.2.tgz#b5fd54220aa2bc5ab57aab7140c940754503c1a7"

create-error-class@^3.0.2:
  version "3.0.2"
  resolved "https://registry.yarnpkg.com/create-error-class/-/create-error-class-3.0.2.tgz#06be7abef947a3f14a30fd610671d401bca8b7b6"
  dependencies:
    capture-stack-trace "^1.0.0"

cryptiles@2.x.x:
  version "2.0.5"
  resolved "https://registry.yarnpkg.com/cryptiles/-/cryptiles-2.0.5.tgz#3bdfecdc608147c1c67202fa291e7dca59eaa3b8"
  dependencies:
    boom "2.x.x"

dashdash@^1.12.0:
  version "1.14.1"
  resolved "https://registry.yarnpkg.com/dashdash/-/dashdash-1.14.1.tgz#853cfa0f7cbe2fed5de20326b8dd581035f6e2f0"
  dependencies:
    assert-plus "^1.0.0"

delayed-stream@~1.0.0:
  version "1.0.0"
  resolved "https://registry.yarnpkg.com/delayed-stream/-/delayed-stream-1.0.0.tgz#df3ae199acadfb7d440aaae0b29e2272b24ec619"

denque@^1.1.1:
  version "1.2.2"
  resolved "https://registry.yarnpkg.com/denque/-/denque-1.2.2.tgz#e06cf7cf0da8badc88cbdaabf8fc0a70d659f1d4"

duplexify@^3.5.0:
  version "3.5.1"
  resolved "https://registry.yarnpkg.com/duplexify/-/duplexify-3.5.1.tgz#4e1516be68838bc90a49994f0b39a6e5960befcd"
  dependencies:
    end-of-stream "^1.0.0"
    inherits "^2.0.1"
    readable-stream "^2.0.0"
    stream-shift "^1.0.0"

ecc-jsbn@~0.1.1:
  version "0.1.1"
  resolved "https://registry.yarnpkg.com/ecc-jsbn/-/ecc-jsbn-0.1.1.tgz#0fc73a9ed5f0d53c38193398523ef7e543777505"
  dependencies:
    jsbn "~0.1.0"

ecdsa-sig-formatter@1.0.9:
  version "1.0.9"
  resolved "https://registry.yarnpkg.com/ecdsa-sig-formatter/-/ecdsa-sig-formatter-1.0.9.tgz#4bc926274ec3b5abb5016e7e1d60921ac262b2a1"
  dependencies:
    base64url "^2.0.0"
    safe-buffer "^5.0.1"

end-of-stream@^1.0.0:
  version "1.4.0"
  resolved "https://registry.yarnpkg.com/end-of-stream/-/end-of-stream-1.4.0.tgz#7a90d833efda6cfa6eac0f4949dbb0fad3a63206"
  dependencies:
    once "^1.4.0"

ent@^2.2.0:
  version "2.2.0"
  resolved "https://registry.yarnpkg.com/ent/-/ent-2.2.0.tgz#e964219325a21d05f44466a2f686ed6ce5f5dd1d"

esprima@~3.0.0:
  version "3.0.0"
  resolved "https://registry.yarnpkg.com/esprima/-/esprima-3.0.0.tgz#53cf247acda77313e551c3aa2e73342d3fb4f7d9"

extend@^3.0.0, extend@~3.0.0:
  version "3.0.1"
  resolved "https://registry.yarnpkg.com/extend/-/extend-3.0.1.tgz#a755ea7bc1adfcc5a31ce7e762dbaadc5e636444"

extsprintf@1.3.0, extsprintf@^1.2.0:
  version "1.3.0"
  resolved "https://registry.yarnpkg.com/extsprintf/-/extsprintf-1.3.0.tgz#96918440e3041a7a414f8c52e3c574eb3c3e1e05"

forever-agent@~0.6.1:
  version "0.6.1"
  resolved "https://registry.yarnpkg.com/forever-agent/-/forever-agent-0.6.1.tgz#fbc71f0c41adeb37f96c577ad1ed42d8fdacca91"

form-data@~2.1.1:
  version "2.1.4"
  resolved "https://registry.yarnpkg.com/form-data/-/form-data-2.1.4.tgz#33c183acf193276ecaa98143a69e94bfee1750d1"
  dependencies:
    asynckit "^0.4.0"
    combined-stream "^1.0.5"
    mime-types "^2.1.12"

gcp-metadata@^0.2.0:
  version "0.2.0"
  resolved "https://registry.yarnpkg.com/gcp-metadata/-/gcp-metadata-0.2.0.tgz#62dafca65f3a631bc8ce2ec3b77661f5f9387a0a"
  dependencies:
    extend "^3.0.0"
    retry-request "^2.0.0"

generate-function@^2.0.0:
  version "2.0.0"
  resolved "https://registry.yarnpkg.com/generate-function/-/generate-function-2.0.0.tgz#6858fe7c0969b7d4e9093337647ac79f60dfbe74"

getpass@^0.1.1:
  version "0.1.7"
  resolved "https://registry.yarnpkg.com/getpass/-/getpass-0.1.7.tgz#5eff8e3e684d569ae4cb2b1282604e8ba62149fa"
  dependencies:
    assert-plus "^1.0.0"

google-auth-library@^0.10.0:
  version "0.10.0"
  resolved "https://registry.yarnpkg.com/google-auth-library/-/google-auth-library-0.10.0.tgz#6e15babee85fd1dd14d8d128a295b6838d52136e"
  dependencies:
    gtoken "^1.2.1"
    jws "^3.1.4"
    lodash.noop "^3.0.1"
    request "^2.74.0"

google-auto-auth@^0.7.1:
  version "0.7.1"
  resolved "https://registry.yarnpkg.com/google-auto-auth/-/google-auto-auth-0.7.1.tgz#c8260444912dd8ceeccd838761d56f462937bd02"
  dependencies:
    async "^2.3.0"
    gcp-metadata "^0.2.0"
    google-auth-library "^0.10.0"
    request "^2.79.0"

google-p12-pem@^0.1.0:
  version "0.1.2"
  resolved "https://registry.yarnpkg.com/google-p12-pem/-/google-p12-pem-0.1.2.tgz#33c46ab021aa734fa0332b3960a9a3ffcb2f3177"
  dependencies:
    node-forge "^0.7.1"

gtoken@^1.2.1:
  version "1.2.2"
  resolved "https://registry.yarnpkg.com/gtoken/-/gtoken-1.2.2.tgz#172776a1a9d96ac09fc22a00f5be83cee6de8820"
  dependencies:
    google-p12-pem "^0.1.0"
    jws "^3.0.0"
    mime "^1.2.11"
    request "^2.72.0"

har-schema@^1.0.5:
  version "1.0.5"
  resolved "https://registry.yarnpkg.com/har-schema/-/har-schema-1.0.5.tgz#d263135f43307c02c602afc8fe95970c0151369e"

har-validator@~4.2.1:
  version "4.2.1"
  resolved "https://registry.yarnpkg.com/har-validator/-/har-validator-4.2.1.tgz#33481d0f1bbff600dd203d75812a6a5fba002e2a"
  dependencies:
    ajv "^4.9.1"
    har-schema "^1.0.5"

hawk@~3.1.3:
  version "3.1.3"
  resolved "https://registry.yarnpkg.com/hawk/-/hawk-3.1.3.tgz#078444bd7c1640b0fe540d2c9b73d59678e8e1c4"
  dependencies:
    boom "2.x.x"
    cryptiles "2.x.x"
    hoek "2.x.x"
    sntp "1.x.x"

hoek@2.x.x:
  version "2.16.3"
  resolved "https://registry.yarnpkg.com/hoek/-/hoek-2.16.3.tgz#20bb7403d3cea398e91dc4710a8ff1b8274a25ed"

http-signature@~1.1.0:
  version "1.1.1"
  resolved "https://registry.yarnpkg.com/http-signature/-/http-signature-1.1.1.tgz#df72e267066cd0ac67fb76adf8e134a8fbcf91bf"
  dependencies:
    assert-plus "^0.2.0"
    jsprim "^1.2.2"
    sshpk "^1.7.0"

iconv-lite@^0.4.18:
  version "0.4.18"
  resolved "https://registry.yarnpkg.com/iconv-lite/-/iconv-lite-0.4.18.tgz#23d8656b16aae6742ac29732ea8f0336a4789cf2"

inherits@^2.0.1, inherits@^2.0.3, inherits@~2.0.3:
  version "2.0.3"
  resolved "https://registry.yarnpkg.com/inherits/-/inherits-2.0.3.tgz#633c2c83e3da42a502f52466022480f4208261de"

is-stream-ended@^0.1.0:
  version "0.1.3"
  resolved "https://registry.yarnpkg.com/is-stream-ended/-/is-stream-ended-0.1.3.tgz#a0473b267c756635486beedc7e3344e549d152ac"

is-typedarray@~1.0.0:
  version "1.0.0"
  resolved "https://registry.yarnpkg.com/is-typedarray/-/is-typedarray-1.0.0.tgz#e479c80858df0c1b11ddda6940f96011fcda4a9a"

is@^3.0.1, is@^3.2.0:
  version "3.2.1"
  resolved "https://registry.yarnpkg.com/is/-/is-3.2.1.tgz#d0ac2ad55eb7b0bec926a5266f6c662aaa83dca5"

isarray@~1.0.0:
  version "1.0.0"
  resolved "https://registry.yarnpkg.com/isarray/-/isarray-1.0.0.tgz#bb935d48582cba168c06834957a54a3e07124f11"

isstream@~0.1.2:
  version "0.1.2"
  resolved "https://registry.yarnpkg.com/isstream/-/isstream-0.1.2.tgz#47e63f7af55afa6f92e1500e690eb8b8529c099a"

js-string-escape@1.0.1:
  version "1.0.1"
  resolved "https://registry.yarnpkg.com/js-string-escape/-/js-string-escape-1.0.1.tgz#e2625badbc0d67c7533e9edc1068c587ae4137ef"

jsbn@~0.1.0:
  version "0.1.1"
  resolved "https://registry.yarnpkg.com/jsbn/-/jsbn-0.1.1.tgz#a5e654c2e5a2deb5f201d96cefbca80c0ef2f513"

json-schema@0.2.3:
  version "0.2.3"
  resolved "https://registry.yarnpkg.com/json-schema/-/json-schema-0.2.3.tgz#b480c892e59a2f05954ce727bd3f2a4e882f9e13"

json-stable-stringify@^1.0.1:
  version "1.0.1"
  resolved "https://registry.yarnpkg.com/json-stable-stringify/-/json-stable-stringify-1.0.1.tgz#9a759d39c5f2ff503fd5300646ed445f88c4f9af"
  dependencies:
    jsonify "~0.0.0"

json-stringify-safe@~5.0.1:
  version "5.0.1"
  resolved "https://registry.yarnpkg.com/json-stringify-safe/-/json-stringify-safe-5.0.1.tgz#1296a2d58fd45f19a0f6ce01d65701e2c735b6eb"

jsonify@~0.0.0:
  version "0.0.0"
  resolved "https://registry.yarnpkg.com/jsonify/-/jsonify-0.0.0.tgz#2c74b6ee41d93ca51b7b5aaee8f503631d252a73"

jsprim@^1.2.2:
  version "1.4.1"
  resolved "https://registry.yarnpkg.com/jsprim/-/jsprim-1.4.1.tgz#313e66bc1e5cc06e438bc1b7499c2e5c56acb6a2"
  dependencies:
    assert-plus "1.0.0"
    extsprintf "1.3.0"
    json-schema "0.2.3"
    verror "1.10.0"

jwa@^1.1.4:
  version "1.1.5"
  resolved "https://registry.yarnpkg.com/jwa/-/jwa-1.1.5.tgz#a0552ce0220742cd52e153774a32905c30e756e5"
  dependencies:
    base64url "2.0.0"
    buffer-equal-constant-time "1.0.1"
    ecdsa-sig-formatter "1.0.9"
    safe-buffer "^5.0.1"

jws@^3.0.0, jws@^3.1.4:
  version "3.1.4"
  resolved "https://registry.yarnpkg.com/jws/-/jws-3.1.4.tgz#f9e8b9338e8a847277d6444b1464f61880e050a2"
  dependencies:
    base64url "^2.0.0"
    jwa "^1.1.4"
    safe-buffer "^5.0.1"

lodash.noop@^3.0.1:
  version "3.0.1"
  resolved "https://registry.yarnpkg.com/lodash.noop/-/lodash.noop-3.0.1.tgz#38188f4d650a3a474258439b96ec45b32617133c"

lodash@^4.14.0:
  version "4.17.4"
  resolved "https://registry.yarnpkg.com/lodash/-/lodash-4.17.4.tgz#78203a4d1c328ae1d86dca6460e369b57f4055ae"

log-driver@^1.2.5:
  version "1.2.5"
  resolved "https://registry.yarnpkg.com/log-driver/-/log-driver-1.2.5.tgz#7ae4ec257302fd790d557cb10c97100d857b0056"

long@^3.2.0:
  version "3.2.0"
  resolved "https://registry.yarnpkg.com/long/-/long-3.2.0.tgz#d821b7138ca1cb581c172990ef14db200b5c474b"

lru-cache@2.5.0:
  version "2.5.0"
  resolved "https://registry.yarnpkg.com/lru-cache/-/lru-cache-2.5.0.tgz#d82388ae9c960becbea0c73bb9eb79b6c6ce9aeb"

lru-cache@^4.1.1:
  version "4.1.1"
  resolved "https://registry.yarnpkg.com/lru-cache/-/lru-cache-4.1.1.tgz#622e32e82488b49279114a4f9ecf45e7cd6bba55"
  dependencies:
    pseudomap "^1.0.2"
    yallist "^2.1.2"

methmeth@^1.1.0:
  version "1.1.0"
  resolved "https://registry.yarnpkg.com/methmeth/-/methmeth-1.1.0.tgz#e80a26618e52f5c4222861bb748510bd10e29089"

mime-db@~1.29.0:
  version "1.29.0"
  resolved "https://registry.yarnpkg.com/mime-db/-/mime-db-1.29.0.tgz#48d26d235589651704ac5916ca06001914266878"

mime-types@^2.1.12, mime-types@~2.1.7:
  version "2.1.16"
  resolved "https://registry.yarnpkg.com/mime-types/-/mime-types-2.1.16.tgz#2b858a52e5ecd516db897ac2be87487830698e23"
  dependencies:
    mime-db "~1.29.0"

mime@^1.2.11:
  version "1.3.6"
  resolved "https://registry.yarnpkg.com/mime/-/mime-1.3.6.tgz#591d84d3653a6b0b4a3b9df8de5aa8108e72e5e0"

modelo@^4.2.0:
  version "4.2.0"
  resolved "https://registry.yarnpkg.com/modelo/-/modelo-4.2.0.tgz#3b4b420023a66ca7e32bdba16e710937e14d1b0b"

mysql2@^1.4.1:
  version "1.4.1"
  resolved "https://registry.yarnpkg.com/mysql2/-/mysql2-1.4.1.tgz#53267ea0a43df850aee4e0bc993e7563c37ff552"
  dependencies:
    cardinal "1.0.0"
    denque "^1.1.1"
    generate-function "^2.0.0"
    iconv-lite "^0.4.18"
    long "^3.2.0"
    lru-cache "^4.1.1"
    named-placeholders "1.1.1"
    object-assign "^4.1.1"
    readable-stream "2.3.2"
    safe-buffer "^5.0.1"
    seq-queue "0.0.5"
    sqlstring "^2.2.0"

named-placeholders@1.1.1:
  version "1.1.1"
  resolved "https://registry.yarnpkg.com/named-placeholders/-/named-placeholders-1.1.1.tgz#3b7a0d26203dd74b3a9df4c9cfb827b2fb907e64"
  dependencies:
    lru-cache "2.5.0"

node-forge@^0.7.1:
  version "0.7.1"
  resolved "https://registry.yarnpkg.com/node-forge/-/node-forge-0.7.1.tgz#9da611ea08982f4b94206b3beb4cc9665f20c300"

oauth-sign@~0.8.1:
  version "0.8.2"
  resolved "https://registry.yarnpkg.com/oauth-sign/-/oauth-sign-0.8.2.tgz#46a6ab7f0aead8deae9ec0565780b7d4efeb9d43"

object-assign@^4.1.1:
  version "4.1.1"
  resolved "https://registry.yarnpkg.com/object-assign/-/object-assign-4.1.1.tgz#2109adc7965887cfc05cbbd442cac8bfbb360863"

once@^1.4.0:
  version "1.4.0"
  resolved "https://registry.yarnpkg.com/once/-/once-1.4.0.tgz#583b1aa775961d4b113ac17d9c50baef9dd76bd1"
  dependencies:
    wrappy "1"

os-tmpdir@~1.0.2:
  version "1.0.2"
  resolved "https://registry.yarnpkg.com/os-tmpdir/-/os-tmpdir-1.0.2.tgz#bbe67406c79aa85c5cfec766fe5734555dfa1274"

packet-reader@0.3.1:
  version "0.3.1"
  resolved "https://registry.yarnpkg.com/packet-reader/-/packet-reader-0.3.1.tgz#cd62e60af8d7fea8a705ec4ff990871c46871f27"

performance-now@^0.2.0:
  version "0.2.0"
  resolved "https://registry.yarnpkg.com/performance-now/-/performance-now-0.2.0.tgz#33ef30c5c77d4ea21c5a53869d91b56d8f2555e5"

pg-connection-string@0.1.3:
  version "0.1.3"
  resolved "https://registry.yarnpkg.com/pg-connection-string/-/pg-connection-string-0.1.3.tgz#da1847b20940e42ee1492beaf65d49d91b245df7"

pg-pool@2.*:
  version "2.0.3"
  resolved "https://registry.yarnpkg.com/pg-pool/-/pg-pool-2.0.3.tgz#c022032c8949f312a4f91fb6409ce04076be3257"

pg-types@1.*:
  version "1.12.0"
  resolved "https://registry.yarnpkg.com/pg-types/-/pg-types-1.12.0.tgz#8ad3b7b897e3fd463e62de241ad5fc640b4a66f0"
  dependencies:
    ap "~0.2.0"
    postgres-array "~1.0.0"
    postgres-bytea "~1.0.0"
    postgres-date "~1.0.0"
    postgres-interval "^1.1.0"

pg@^7.1.2:
  version "7.1.2"
  resolved "https://registry.yarnpkg.com/pg/-/pg-7.1.2.tgz#5dce20f3ed680651444dc311061d719cc920c3d8"
  dependencies:
    buffer-writer "1.0.1"
    js-string-escape "1.0.1"
    packet-reader "0.3.1"
    pg-connection-string "0.1.3"
    pg-pool "2.*"
    pg-types "1.*"
    pgpass "1.x"
    semver "4.3.2"

pgpass@1.x:
  version "1.0.2"
  resolved "https://registry.yarnpkg.com/pgpass/-/pgpass-1.0.2.tgz#2a7bb41b6065b67907e91da1b07c1847c877b306"
  dependencies:
    split "^1.0.0"

postgres-array@~1.0.0:
  version "1.0.2"
  resolved "https://registry.yarnpkg.com/postgres-array/-/postgres-array-1.0.2.tgz#8e0b32eb03bf77a5c0a7851e0441c169a256a238"

postgres-bytea@~1.0.0:
  version "1.0.0"
  resolved "https://registry.yarnpkg.com/postgres-bytea/-/postgres-bytea-1.0.0.tgz#027b533c0aa890e26d172d47cf9ccecc521acd35"

postgres-date@~1.0.0:
  version "1.0.3"
  resolved "https://registry.yarnpkg.com/postgres-date/-/postgres-date-1.0.3.tgz#e2d89702efdb258ff9d9cee0fe91bd06975257a8"

postgres-interval@^1.1.0:
  version "1.1.0"
  resolved "https://registry.yarnpkg.com/postgres-interval/-/postgres-interval-1.1.0.tgz#1031e7bac34564132862adc9eb6c6d2f3aa75bb4"
  dependencies:
    xtend "^4.0.0"

process-nextick-args@~1.0.6:
  version "1.0.7"
  resolved "https://registry.yarnpkg.com/process-nextick-args/-/process-nextick-args-1.0.7.tgz#150e20b756590ad3f91093f25a4f2ad8bff30ba3"

pseudomap@^1.0.2:
  version "1.0.2"
  resolved "https://registry.yarnpkg.com/pseudomap/-/pseudomap-1.0.2.tgz#f052a28da70e618917ef0a8ac34c1ae5a68286b3"

punycode@^1.4.1:
  version "1.4.1"
  resolved "https://registry.yarnpkg.com/punycode/-/punycode-1.4.1.tgz#c0d5a63b2718800ad8e1eb0fa5269c84dd41845e"

qs@~6.4.0:
  version "6.4.0"
  resolved "https://registry.yarnpkg.com/qs/-/qs-6.4.0.tgz#13e26d28ad6b0ffaa91312cd3bf708ed351e7233"

readable-stream@2.3.2:
  version "2.3.2"
  resolved "https://registry.yarnpkg.com/readable-stream/-/readable-stream-2.3.2.tgz#5a04df05e4f57fe3f0dc68fdd11dc5c97c7e6f4d"
  dependencies:
    core-util-is "~1.0.0"
    inherits "~2.0.3"
    isarray "~1.0.0"
    process-nextick-args "~1.0.6"
    safe-buffer "~5.1.0"
    string_decoder "~1.0.0"
    util-deprecate "~1.0.1"

readable-stream@^2.0.0, readable-stream@^2.1.5, readable-stream@^2.2.2:
  version "2.3.3"
  resolved "https://registry.yarnpkg.com/readable-stream/-/readable-stream-2.3.3.tgz#368f2512d79f9d46fdfc71349ae7878bbc1eb95c"
  dependencies:
    core-util-is "~1.0.0"
    inherits "~2.0.3"
    isarray "~1.0.0"
    process-nextick-args "~1.0.6"
    safe-buffer "~5.1.1"
    string_decoder "~1.0.3"
    util-deprecate "~1.0.1"

redeyed@~1.0.0:
  version "1.0.1"
  resolved "https://registry.yarnpkg.com/redeyed/-/redeyed-1.0.1.tgz#e96c193b40c0816b00aec842698e61185e55498a"
  dependencies:
    esprima "~3.0.0"

request@^2.72.0, request@^2.74.0, request@^2.79.0, request@^2.81.0:
  version "2.81.0"
  resolved "https://registry.yarnpkg.com/request/-/request-2.81.0.tgz#c6928946a0e06c5f8d6f8a9333469ffda46298a0"
  dependencies:
    aws-sign2 "~0.6.0"
    aws4 "^1.2.1"
    caseless "~0.12.0"
    combined-stream "~1.0.5"
    extend "~3.0.0"
    forever-agent "~0.6.1"
    form-data "~2.1.1"
    har-validator "~4.2.1"
    hawk "~3.1.3"
    http-signature "~1.1.0"
    is-typedarray "~1.0.0"
    isstream "~0.1.2"
    json-stringify-safe "~5.0.1"
    mime-types "~2.1.7"
    oauth-sign "~0.8.1"
    performance-now "^0.2.0"
    qs "~6.4.0"
    safe-buffer "^5.0.1"
    stringstream "~0.0.4"
    tough-cookie "~2.3.0"
    tunnel-agent "^0.6.0"
    uuid "^3.0.0"

retry-request@^2.0.0:
  version "2.0.5"
  resolved "https://registry.yarnpkg.com/retry-request/-/retry-request-2.0.5.tgz#d089a14a15db9ed60685b8602b40f4dcc0d3fb3c"
  dependencies:
    request "^2.81.0"
    through2 "^2.0.0"

safe-buffer@^5.0.1, safe-buffer@~5.0.1:
  version "5.0.1"
  resolved "https://registry.yarnpkg.com/safe-buffer/-/safe-buffer-5.0.1.tgz#d263ca54696cd8a306b5ca6551e92de57918fbe7"

safe-buffer@~5.1.0, safe-buffer@~5.1.1:
  version "5.1.1"
  resolved "https://registry.yarnpkg.com/safe-buffer/-/safe-buffer-5.1.1.tgz#893312af69b2123def71f57889001671eeb2c853"

semver@4.3.2:
  version "4.3.2"
  resolved "https://registry.yarnpkg.com/semver/-/semver-4.3.2.tgz#c7a07158a80bedd052355b770d82d6640f803be7"

seq-queue@0.0.5:
  version "0.0.5"
  resolved "https://registry.yarnpkg.com/seq-queue/-/seq-queue-0.0.5.tgz#d56812e1c017a6e4e7c3e3a37a1da6d78dd3c93e"

sntp@1.x.x:
  version "1.0.9"
  resolved "https://registry.yarnpkg.com/sntp/-/sntp-1.0.9.tgz#6541184cc90aeea6c6e7b35e2659082443c66198"
  dependencies:
    hoek "2.x.x"

split-array-stream@^1.0.0:
  version "1.0.3"
  resolved "https://registry.yarnpkg.com/split-array-stream/-/split-array-stream-1.0.3.tgz#d2b75a8e5e0d824d52fdec8b8225839dc2e35dfa"
  dependencies:
    async "^2.4.0"
    is-stream-ended "^0.1.0"

split@^1.0.0:
  version "1.0.0"
  resolved "https://registry.yarnpkg.com/split/-/split-1.0.0.tgz#c4395ce683abcd254bc28fe1dabb6e5c27dcffae"
  dependencies:
    through "2"

sqlstring@^2.2.0:
  version "2.2.0"
  resolved "https://registry.yarnpkg.com/sqlstring/-/sqlstring-2.2.0.tgz#c3135c4ea8abcd7e7ee741a4966a891d86a4f191"

sshpk@^1.7.0:
  version "1.13.1"
  resolved "https://registry.yarnpkg.com/sshpk/-/sshpk-1.13.1.tgz#512df6da6287144316dc4c18fe1cf1d940739be3"
  dependencies:
    asn1 "~0.2.3"
    assert-plus "^1.0.0"
    dashdash "^1.12.0"
    getpass "^0.1.1"
  optionalDependencies:
    bcrypt-pbkdf "^1.0.0"
    ecc-jsbn "~0.1.1"
    jsbn "~0.1.0"
    tweetnacl "~0.14.0"

stream-events@^1.0.1:
  version "1.0.2"
  resolved "https://registry.yarnpkg.com/stream-events/-/stream-events-1.0.2.tgz#abf39f66c0890a4eb795bc8d5e859b2615b590b2"
  dependencies:
    stubs "^3.0.0"

stream-shift@^1.0.0:
  version "1.0.0"
  resolved "https://registry.yarnpkg.com/stream-shift/-/stream-shift-1.0.0.tgz#d5c752825e5367e786f78e18e445ea223a155952"

string-format-obj@^1.0.0, string-format-obj@^1.1.0:
  version "1.1.0"
  resolved "https://registry.yarnpkg.com/string-format-obj/-/string-format-obj-1.1.0.tgz#7635610b1ef397013e8478be98a170e04983d068"

string_decoder@~1.0.0, string_decoder@~1.0.3:
  version "1.0.3"
  resolved "https://registry.yarnpkg.com/string_decoder/-/string_decoder-1.0.3.tgz#0fc67d7c141825de94282dd536bec6b9bce860ab"
  dependencies:
    safe-buffer "~5.1.0"

stringstream@~0.0.4:
  version "0.0.5"
  resolved "https://registry.yarnpkg.com/stringstream/-/stringstream-0.0.5.tgz#4e484cd4de5a0bbbee18e46307710a8a81621878"

stubs@^3.0.0:
  version "3.0.0"
  resolved "https://registry.yarnpkg.com/stubs/-/stubs-3.0.0.tgz#e8d2ba1fa9c90570303c030b6900f7d5f89abe5b"

through2@^2.0.0, through2@^2.0.3:
  version "2.0.3"
  resolved "https://registry.yarnpkg.com/through2/-/through2-2.0.3.tgz#0004569b37c7c74ba39c43f3ced78d1ad94140be"
  dependencies:
    readable-stream "^2.1.5"
    xtend "~4.0.1"

through@2:
  version "2.3.8"
  resolved "https://registry.yarnpkg.com/through/-/through-2.3.8.tgz#0dd4c9ffaabc357960b1b724115d7e0e86a2e1f5"

tmp@^0.0.33:
  version "0.0.33"
  resolved "https://registry.yarnpkg.com/tmp/-/tmp-0.0.33.tgz#6d34335889768d21b2bcda0aa277ced3b1bfadf9"
  dependencies:
    os-tmpdir "~1.0.2"

tough-cookie@~2.3.0:
  version "2.3.2"
  resolved "https://registry.yarnpkg.com/tough-cookie/-/tough-cookie-2.3.2.tgz#f081f76e4c85720e6c37a5faced737150d84072a"
  dependencies:
    punycode "^1.4.1"

tunnel-agent@^0.6.0:
  version "0.6.0"
  resolved "https://registry.yarnpkg.com/tunnel-agent/-/tunnel-agent-0.6.0.tgz#27a5dea06b36b04a0a9966774b290868f0fc40fd"
  dependencies:
    safe-buffer "^5.0.1"

tweetnacl@^0.14.3, tweetnacl@~0.14.0:
  version "0.14.5"
  resolved "https://registry.yarnpkg.com/tweetnacl/-/tweetnacl-0.14.5.tgz#5ae68177f192d4456269d108afa93ff8743f4f64"

typedarray@^0.0.6:
  version "0.0.6"
  resolved "https://registry.yarnpkg.com/typedarray/-/typedarray-0.0.6.tgz#867ac74e3864187b1d3d47d996a78ec5c8830777"

ultron@~1.1.0:
  version "1.1.0"
  resolved "https://registry.yarnpkg.com/ultron/-/ultron-1.1.0.tgz#b07a2e6a541a815fc6a34ccd4533baec307ca864"

util-deprecate@~1.0.1:
  version "1.0.2"
  resolved "https://registry.yarnpkg.com/util-deprecate/-/util-deprecate-1.0.2.tgz#450d4dc9fa70de732762fbd2d4a28981419a0ccf"

uuid@^3.0.0:
  version "3.1.0"
  resolved "https://registry.yarnpkg.com/uuid/-/uuid-3.1.0.tgz#3dd3d3e790abc24d7b0d3a034ffababe28ebbc04"

verror@1.10.0:
  version "1.10.0"
  resolved "https://registry.yarnpkg.com/verror/-/verror-1.10.0.tgz#3a105ca17053af55d6e270c1f8288682e18da400"
  dependencies:
    assert-plus "^1.0.0"
    core-util-is "1.0.2"
    extsprintf "^1.2.0"

wrappy@1:
  version "1.0.2"
  resolved "https://registry.yarnpkg.com/wrappy/-/wrappy-1.0.2.tgz#b5243d8f3ec1aa35f1364605bc0d1036e30ab69f"

ws@^3.0.0:
  version "3.0.0"
  resolved "https://registry.yarnpkg.com/ws/-/ws-3.0.0.tgz#98ddb00056c8390cb751e7788788497f99103b6c"
  dependencies:
    safe-buffer "~5.0.1"
    ultron "~1.1.0"

xtend@^4.0.0, xtend@~4.0.1:
  version "4.0.1"
  resolved "https://registry.yarnpkg.com/xtend/-/xtend-4.0.1.tgz#a5c6d532be656e23db820efb943a1f04998d63af"

yallist@^2.1.2:
  version "2.1.2"
  resolved "https://registry.yarnpkg.com/yallist/-/yallist-2.1.2.tgz#1c11f9218f076089a47dd512f93c6699a6a81d52"
